
Microsoft Visual Studio Solution File, Format Version 12.00
# Visual Studio Version 17
VisualStudioVersion = 17.7.34221.43
MinimumVisualStudioVersion = 10.0.40219.1
Project("{8BC9CEB8-8B4A-11D0-8D11-00A0C91BC942}") = "Lab2", "Lab2.vcxproj", "{719900B4-C4D5-40CD-AA01-F520D5FA7BC4}"
EndProject
Global
	GlobalSection(SolutionConfigurationPlatforms) = preSolution
		Debug|x64 = Debug|x64
		Debug|x86 = Debug|x86
		Release|x64 = Release|x64
		Release|x86 = Release|x86
	EndGlobalSection
	GlobalSection(ProjectConfigurationPlatforms) = postSolution
		{719900B4-C4D5-40CD-AA01-F520D5FA7BC4}.Debug|x64.ActiveCfg = Debug|x64
		{719900B4-C4D5-40CD-AA01-F520D5FA7BC4}.Debug|x64.Build.0 = Debug|x64
		{719900B4-C4D5-40CD-AA01-F520D5FA7BC4}.Debug|x86.ActiveCfg = Debug|Win32
		{719900B4-C4D5-40CD-AA01-F520D5FA7BC4}.Debug|x86.Build.0 = Debug|Win32
		{719900B4-C4D5-40CD-AA01-F520D5FA7BC4}.Release|x64.ActiveCfg = Release|x64
		{719900B4-C4D5-40CD-AA01-F520D5FA7BC4}.Release|x64.Build.0 = Release|x64
		{719900B4-C4D5-40CD-AA01-F520D5FA7BC4}.Release|x86.ActiveCfg = Release|Win32
		{719900B4-C4D5-40CD-AA01-F520D5FA7BC4}.Release|x86.Build.0 = Release|Win32
	EndGlobalSection
	GlobalSection(SolutionProperties) = preSolution
		HideSolutionNode = FALSE
	EndGlobalSection
	GlobalSection(ExtensibilityGlobals) = postSolution
		SolutionGuid = {22422FF8-43D1-446F-B90D-6C50AC92B974}
	EndGlobalSection
EndGlobal
